<?xml version="1.0" encoding="utf-8"?>
<Project ToolsVersion="4.0" xmlns="http://schemas.microsoft.com/developer/msbuild/2003">
  <ItemGroup>
    <Filter Include="Source Files">
      <UniqueIdentifier>{4FC737F1-C7A5-4376-A066-2A32D752A2FF}</UniqueIdentifier>
      <Extensions>cpp;c;cc;cxx;def;odl;idl;hpj;bat;asm;asmx</Extensions>
    </Filter>
    <Filter Include="Header Files">
      <UniqueIdentifier>{93995380-89BD-4b04-88EB-625FBE52EBFB}</UniqueIdentifier>
      <Extensions>h;hh;hpp;hxx;hm;inl;inc;xsd</Extensions>
    </Filter>
    <Filter Include="Resource Files">
      <UniqueIdentifier>{67DA6AB6-F800-4c08-8B7A-83BB121AAD01}</UniqueIdentifier>
      <Extensions>rc;ico;cur;bmp;dlg;rc2;rct;bin;rgs;gif;jpg;jpeg;jpe;resx;tiff;tif;png;wav;mfcribbon-ms</Extensions>
    </Filter>
    <Filter Include="third_party">
      <UniqueIdentifier>{63440548-8d69-4e77-8040-d684ccffb1f8}</UniqueIdentifier>
    </Filter>
  </ItemGroup>
  <ItemGroup>
    <ClInclude Include="stdafx.h">
      <Filter>Header Files</Filter>
    </ClInclude>
    <ClInclude Include="targetver.h">
      <Filter>Header Files</Filter>
    </ClInclude>
    <ClInclude Include="vec.h">
      <Filter>Header Files</Filter>
    </ClInclude>
    <ClInclude Include="ptframe.h">
      <Filter>Header Files</Filter>
    </ClInclude>
    <ClInclude Include="barrier.h">
      <Filter>Header Files</Filter>
    </ClInclude>
    <ClInclude Include="jobsys-vis.h">
      <Filter>Header Files</Filter>
    </ClInclude>
    <ClInclude Include="canvas.h">
      <Filter>Header Files</Filter>
    </ClInclude>
    <ClInclude Include="profont.h">
      <Filter>Header Files</Filter>
    </ClInclude>
    <ClInclude Include="bench.h">
      <Filter>Header Files</Filter>
    </ClInclude>
    <ClInclude Include="guardband.h">
      <Filter>Header Files</Filter>
    </ClInclude>
    <ClInclude Include="render.h">
      <Filter>Header Files</Filter>
    </ClInclude>
    <ClInclude Include="jobsys.h">
      <Filter>Header Files</Filter>
    </ClInclude>
    <ClInclude Include="fragment.h">
      <Filter>Header Files</Filter>
    </ClInclude>
    <ClInclude Include="fx-cubefield.h">
      <Filter>Header Files</Filter>
    </ClInclude>
    <ClInclude Include="cpu-colors.h">
      <Filter>Header Files</Filter>
    </ClInclude>
    <ClInclude Include="display-mode.h">
      <Filter>Header Files</Filter>
    </ClInclude>
    <ClInclude Include="aligned-containers.h">
      <Filter>Header Files</Filter>
    </ClInclude>
    <ClInclude Include="aligned-allocator.h">
      <Filter>Header Files</Filter>
    </ClInclude>
    <ClInclude Include="tri.h">
      <Filter>Header Files</Filter>
    </ClInclude>
    <ClInclude Include="fx-balls.h">
      <Filter>Header Files</Filter>
    </ClInclude>
    <ClInclude Include="marzo.h">
      <Filter>Header Files</Filter>
    </ClInclude>
    <ClInclude Include="mat4.h">
      <Filter>Header Files</Filter>
    </ClInclude>
    <ClInclude Include="irect.h">
      <Filter>Header Files</Filter>
    </ClInclude>
    <ClInclude Include="material.h">
      <Filter>Header Files</Filter>
    </ClInclude>
    <ClInclude Include="texture.h">
      <Filter>Header Files</Filter>
    </ClInclude>
    <ClInclude Include="utils.h">
      <Filter>Header Files</Filter>
    </ClInclude>
    <ClInclude Include="sse_pow.h">
      <Filter>Header Files</Filter>
    </ClInclude>
    <ClInclude Include="fx-sd.h">
      <Filter>Header Files</Filter>
    </ClInclude>
    <ClInclude Include="srgb-ryg.h">
      <Filter>Header Files</Filter>
    </ClInclude>
    <ClInclude Include="mesh.h">
      <Filter>Header Files</Filter>
    </ClInclude>
    <ClInclude Include="obj.h">
      <Filter>Header Files</Filter>
    </ClInclude>
    <ClInclude Include="camera.h">
      <Filter>Header Files</Filter>
    </ClInclude>
    <ClInclude Include="main.h">
      <Filter>Header Files</Filter>
    </ClInclude>
    <ClInclude Include="array3d.h">
      <Filter>Header Files</Filter>
    </ClInclude>
    <ClInclude Include="vec_soa.h">
      <Filter>Header Files</Filter>
    </ClInclude>
    <ClInclude Include="mvec4.h">
      <Filter>Header Files</Filter>
    </ClInclude>
    <ClInclude Include="kawase.h">
      <Filter>Header Files</Filter>
    </ClInclude>
    <ClInclude Include="target.h">
      <Filter>Header Files</Filter>
    </ClInclude>
    <ClInclude Include="blend.h">
      <Filter>Header Files</Filter>
    </ClInclude>
  </ItemGroup>
  <ItemGroup>
    <ClCompile Include="stdafx.cpp">
      <Filter>Source Files</Filter>
    </ClCompile>
    <ClCompile Include="profont.cpp">
      <Filter>Source Files</Filter>
    </ClCompile>
    <ClCompile Include="canvas.cpp">
      <Filter>Source Files</Filter>
    </ClCompile>
    <ClCompile Include="bench.cpp">
      <Filter>Source Files</Filter>
    </ClCompile>
    <ClCompile Include="render.cpp">
      <Filter>Source Files</Filter>
    </ClCompile>
    <ClCompile Include="vec.cpp">
      <Filter>Source Files</Filter>
    </ClCompile>
    <ClCompile Include="boot.cpp">
      <Filter>Source Files</Filter>
    </ClCompile>
    <ClCompile Include="jobsys.cpp">
      <Filter>Source Files</Filter>
    </ClCompile>
    <ClCompile Include="marzo.cpp">
      <Filter>Source Files</Filter>
    </ClCompile>
    <ClCompile Include="mat4.cpp">
      <Filter>Source Files</Filter>
    </ClCompile>
    <ClCompile Include="material.cpp">
      <Filter>Source Files</Filter>
    </ClCompile>
    <ClCompile Include="texture.cpp">
      <Filter>Source Files</Filter>
    </ClCompile>
    <ClCompile Include="utils.cpp">
      <Filter>Source Files</Filter>
    </ClCompile>
    <ClCompile Include="mesh.cpp">
      <Filter>Source Files</Filter>
    </ClCompile>
    <ClCompile Include="obj.cpp">
      <Filter>Source Files</Filter>
    </ClCompile>
    <ClCompile Include="test_vec.cpp">
      <Filter>Source Files</Filter>
    </ClCompile>
    <ClCompile Include="main.cpp">
      <Filter>Source Files</Filter>
    </ClCompile>
    <ClCompile Include="kawase.cpp">
      <Filter>Source Files</Filter>
    </ClCompile>
    <ClCompile Include="..\third_party\cppformat-3.0.0\fmt\format.cc">
      <Filter>third_party</Filter>
    </ClCompile>
    <ClCompile Include="..\third_party\pixeltoaster\PixelToaster.cpp">
      <Filter>third_party</Filter>
    </ClCompile>
    <ClCompile Include="..\third_party\picopng\picopng.cpp">
      <Filter>third_party</Filter>
    </ClCompile>
  </ItemGroup>
</Project>